
Microsoft Visual Studio Solution File, Format Version 12.00
# Visual Studio Version 17
VisualStudioVersion = 17.9.34728.123
MinimumVisualStudioVersion = 10.0.40219.1
Project("{FAE04EC0-301F-11D3-BF4B-00C04F79EFBC}") = "LKC_FE", "LKC_FE.csproj", "{89B925F1-DB19-48C6-8726-BE03DF3D354A}"
EndProject
Global
	GlobalSection(SolutionConfigurationPlatforms) = preSolution
		Debug|Any CPU = Debug|Any CPU
		Release|Any CPU = Release|Any CPU
	EndGlobalSection
	GlobalSection(ProjectConfigurationPlatforms) = postSolution
		{89B925F1-DB19-48C6-8726-BE03DF3D354A}.Debug|Any CPU.ActiveCfg = Debug|Any CPU
		{89B925F1-DB19-48C6-8726-BE03DF3D354A}.Debug|Any CPU.Build.0 = Debug|Any CPU
		{89B925F1-DB19-48C6-8726-BE03DF3D354A}.Release|Any CPU.ActiveCfg = Release|Any CPU
		{89B925F1-DB19-48C6-8726-BE03DF3D354A}.Release|Any CPU.Build.0 = Release|Any CPU
	EndGlobalSection
	GlobalSection(SolutionProperties) = preSolution
		HideSolutionNode = FALSE
	EndGlobalSection
	GlobalSection(ExtensibilityGlobals) = postSolution
		SolutionGuid = {DCE10FF5-24FE-4828-A4C4-7DD57FE7B5B2}
	EndGlobalSection
EndGlobal
